dependencies:
  cfscn/esp_lcd_touch_ft6x36:
    component_hash: 19c3660866563c6a7d04c66ffef7099bcb57cd4c4766072bbd99b73762850f9a
    dependencies:
    - name: espressif/esp_lcd_touch
      registry_url: https://components.espressif.com
      require: public
      version: ^1.0.4
    - name: idf
      require: private
      version: '>=4.4.2'
    source:
      registry_url: https://components.espressif.com/
      type: service
    version: 1.0.8
  espressif/cmake_utilities:
    component_hash: 351350613ceafba240b761b4ea991e0f231ac7a9f59a9ee901f751bddc0bb18f
    dependencies:
    - name: idf
      require: private
      version: '>=4.1'
    source:
      registry_url: https://components.espressif.com
      type: service
    version: 0.5.3
  espressif/eppp_link:
    component_hash: 04f7f31868b8ae6014c96132740a192d09611a6e46aaa7038c865ffc7e26b38f
    dependencies:
    - name: espressif/esp_serial_slave_link
      registry_url: https://components.espressif.com
      require: private
      version: ^1.1.0
    - name: idf
      require: private
      version: '>=5.2'
    source:
      registry_url: https://components.espressif.com
      type: service
    version: 1.1.5
  espressif/esp_codec_dev:
    component_hash: 014948481bda426cd46714f297fe1891711246c62bea288863a8cc8cf13ef1f0
    dependencies:
    - name: idf
      require: private
      version: '>=4.0'
    source:
      registry_url: https://components.espressif.com/
      type: service
    version: 1.2.0
  espressif/esp_hosted:
    component_hash: f970ce453bcd6e779e067de04488aa6212295f4a607f041d038844c8cf8edea3
    dependencies:
    - name: idf
      require: private
      version: '>=5.3'
    source:
      registry_url: https://components.espressif.com/
      type: service
    version: 2.12.11
  espressif/esp_lcd_st7701:
    component_hash: 0b11e8733e51e12da83003b9d475777eaf47bfbdce01379879bd2504d14f4f83
    dependencies:
    - name: espressif/cmake_utilities
      registry_url: https://components.espressif.com
      require: private
      version: 0.*
    - name: idf
      require: private
      version: '>5.0.4,!=5.1.1'
    source:
      registry_url: https://components.espressif.com/
      type: service
    targets:
    - esp32s3
    - esp32p4
    version: 1.1.5
  espressif/esp_lcd_touch:
    component_hash: 3f85a7d95af876f1a6ecca8eb90a81614890d0f03a038390804e5a77e2caf862
    dependencies:
    - name: idf
      require: private
      version: '>=4.4.2'
    source:
      registry_url: https://components.espressif.com
      type: service
    version: 1.2.1
  espressif/esp_lcd_touch_gt911:
    component_hash: 6029febef66eefd0910d527d7f30292779ccbf22a8dedd2bd69466acf0068a7b
    dependencies:
    - name: espressif/esp_lcd_touch
      registry_url: https://components.espressif.com
      require: public
      version: ^1.2.0
    - name: idf
      require: private
      version: '>=5.2'
    source:
      registry_url: https://components.espressif.com/
      type: service
    version: 1.2.0~2
  espressif/esp_lvgl_port:
    component_hash: fb6c1fdfe70d4ca39a035d63ca394a35f17ec84ce16ff98ecb13a54155d75da4
    dependencies:
    - name: idf
      require: private
      version: '>=5.2'
    - name: lvgl/lvgl
      registry_url: https://components.espressif.com
      require: public
      version: '>=8,<10'
    source:
      registry_url: https://components.espressif.com/
      type: service
    version: 2.8.0~1
  espressif/esp_serial_slave_link:
    component_hash: ac1776806de0a6e371c84e87898bb983e19ce62aa7f1e2e5c4a3b0234a575d2c
    dependencies:
    - name: idf
      require: private
      version: '>=5.0'
    source:
      registry_url: https://components.espressif.com
      type: service
    version: 1.1.2
  espressif/esp_wifi_remote:
    component_hash: df05028f37207964fc2e54b01d8d71f680d979800d3667802606c9d7b0281c16
    dependencies:
    - name: espressif/esp_hosted
      registry_url: https://components.espressif.com
      require: private
      rules:
      - if: target in [esp32h2, esp32p4]
      version: '>=2.11'
    - name: espressif/wifi_remote_over_eppp
      registry_url: https://components.espressif.com
      require: private
      version: '>=0.1'
    - name: idf
      require: private
      version: '>=5.3'
    source:
      registry_url: https://components.espressif.com/
      type: service
    version: 1.6.2
  espressif/i2c_bus:
    component_hash: 483112c1619c54c38d0b734fb25f1678733267858a77b7af2f48cc7db6dbbd84
    dependencies:
    - name: espressif/cmake_utilities
      registry_url: https://components.espressif.com
      require: private
      version: '*'
    - name: idf
      require: private
      version: '>=4.0'
    source:
      registry_url: https://components.espressif.com
      type: service
    version: 1.5.2
  espressif/usb_host_cdc_acm:
    component_hash: f3893a5e117c65f3c4d90d282bbb43624a2fec4144532e5c72223e69bd1b00e9
    dependencies:
    - name: idf
      require: private
      version: '>=5.0'
    - name: espressif/usb
      registry_url: https://components.espressif.com
      require: public
      rules:
      - if: idf_version >=6.0
      - if: target not in ["linux"]
      version: ^1.0.0
    source:
      registry_url: https://components.espressif.com/
      type: service
    targets:
    - esp32s2
    - esp32s3
    - esp32p4
    - esp32h4
    - esp32s31
    - linux
    version: 2.4.0
  espressif/usb_host_ch34x_vcp:
    component_hash: bf5e9c1c4e6e0a617cc268978b7ae4537d559e6c4b3bdae857dd05b703b4283c
    dependencies:
    - name: espressif/usb_host_cdc_acm
      registry_url: https://components.espressif.com
      require: public
      version: ^2.1.0
    source:
      registry_url: https://components.espressif.com/
      type: service
    version: 2.2.1
  espressif/usb_host_cp210x_vcp:
    component_hash: c0404c598e2620fe88c35b5bf24d8e3b3ded41d9946fc865843be7f2f75da40e
    dependencies:
    - name: espressif/usb_host_cdc_acm
      registry_url: https://components.espressif.com
      require: public
      version: ^2.1.0
    - name: idf
      require: private
      version: '>=4.4'
    source:
      registry_url: https://components.espressif.com/
      type: service
    version: 2.2.0
  espressif/usb_host_ftdi_vcp:
    component_hash: efa8896db30feeb44aa71b13ef4488bf85af650589c66f79c35aaee75b105ae1
    dependencies:
    - name: espressif/usb_host_cdc_acm
      registry_url: https://components.espressif.com
      require: public
      version: ^2.3.0
    source:
      registry_url: https://components.espressif.com/
      type: service
    version: 2.1.1
  espressif/usb_host_vcp:
    component_hash: 99b3ad314fa966cb32970e468625672994e259c69c7c668d9c0a13d65993a0e7
    dependencies:
    - name: espressif/usb_host_cdc_acm
      registry_url: https://components.espressif.com
      require: public
      version: '>=1.0.4,<3.0.0'
    - name: idf
      require: private
      version: '>=4.4'
    source:
      registry_url: https://components.espressif.com/
      type: service
    version: 1.0.0~5
  espressif/wifi_remote_over_eppp:
    component_hash: 1fd6968af20f0b19e421f6b519b0a8caf81d689afc3783b564c28559e45f66ef
    dependencies:
    - name: espressif/eppp_link
      registry_url: https://components.espressif.com
      require: private
      version: '>=0.1'
    - name: idf
      require: private
      version: '>=5.3'
    source:
      registry_url: https://components.espressif.com
      type: service
    version: 0.3.3
  idf:
    source:
      type: idf
    version: 5.5.4
  jgromes/radiolib:
    component_hash: 024269f750d7eb181d07bd57ccec5e5e4e276dbb262d681a6501c8e2244e80f0
    dependencies:
    - name: idf
      require: private
      version: '>=4.1'
    source:
      registry_url: https://components.espressif.com/
      type: service
    version: 7.7.1
  lvgl/lvgl:
    component_hash: 184e532558c1c45fefed631f3e235423d22582aafb4630f3e8885c35281a49ae
    dependencies: []
    source:
      registry_url: https://components.espressif.com/
      type: service
    version: 9.5.0
  waveshare/esp_lcd_dsi:
    component_hash: 004e3455a2e331eadef75da0df28eb090d03681e0300d75abccb1722fbca66c4
    dependencies:
    - name: espressif/cmake_utilities
      registry_url: https://components.espressif.com
      require: private
      version: 0.*
    - name: espressif/i2c_bus
      registry_url: https://components.espressif.com
      require: private
      version: ^1.3.0
    - name: idf
      require: private
      version: '>=5.3'
    source:
      registry_url: https://components.espressif.com/
      type: service
    targets:
    - esp32p4
    version: 2.0.0
  waveshare/esp_lcd_hx8394:
    component_hash: d0999951259921352c91dc28cabf338b2c3db93d2f2fd8f6164a80a813b5eab6
    dependencies:
    - name: espressif/cmake_utilities
      registry_url: https://components.espressif.com
      require: private
      version: 0.*
    - name: espressif/i2c_bus
      registry_url: https://components.espressif.com
      require: private
      version: ^1.3.0
    - name: idf
      require: private
      version: '>=5.3'
    source:
      registry_url: https://components.espressif.com/
      type: service
    targets:
    - esp32p4
    version: 1.0.3
  waveshare/esp_lcd_ili9881c:
    component_hash: 3150ce0151872e7d2b2ad03a3ce4f3a95b3598d7786d13c6a478c6835a9b423d
    dependencies:
    - name: espressif/cmake_utilities
      registry_url: https://components.espressif.com
      require: private
      version: 0.*
    - name: espressif/i2c_bus
      registry_url: https://components.espressif.com
      require: private
      version: ^1.3.0
    - name: idf
      require: private
      version: '>=5.3'
    source:
      registry_url: https://components.espressif.com/
      type: service
    targets:
    - esp32p4
    version: 2.0.0
  waveshare/esp_lcd_jd9365_10_1:
    component_hash: 71ec315454a6d0dc628b589979ec5044f671e6f0a3126ec3b25f97a022c1bc05
    dependencies:
    - name: espressif/cmake_utilities
      registry_url: https://components.espressif.com
      require: private
      version: 0.*
    - name: espressif/i2c_bus
      registry_url: https://components.espressif.com
      require: private
      version: ^1.3.0
    - name: idf
      require: private
      version: '>=5.3'
    source:
      registry_url: https://components.espressif.com/
      type: service
    targets:
    - esp32p4
    version: 2.0.0
  waveshare/esp_lcd_jd9365_8:
    component_hash: f5f3abab1d1bc83b98acb651633a593de8e7a73db27c7088e367686c6bca4b6a
    dependencies:
    - name: espressif/cmake_utilities
      registry_url: https://components.espressif.com
      require: private
      version: 0.*
    - name: espressif/i2c_bus
      registry_url: https://components.espressif.com
      require: private
      version: ^1.3.0
    - name: idf
      require: private
      version: '>=5.3'
    source:
      registry_url: https://components.espressif.com/
      type: service
    targets:
    - esp32p4
    version: 2.0.0
direct_dependencies:
- cfscn/esp_lcd_touch_ft6x36
- espressif/esp_codec_dev
- espressif/esp_hosted
- espressif/esp_lcd_st7701
- espressif/esp_lcd_touch_gt911
- espressif/esp_lvgl_port
- espressif/esp_wifi_remote
- espressif/usb_host_cdc_acm
- espressif/usb_host_ch34x_vcp
- espressif/usb_host_cp210x_vcp
- espressif/usb_host_ftdi_vcp
- espressif/usb_host_vcp
- idf
- jgromes/radiolib
- lvgl/lvgl
- waveshare/esp_lcd_dsi
- waveshare/esp_lcd_hx8394
- waveshare/esp_lcd_ili9881c
- waveshare/esp_lcd_jd9365_10_1
- waveshare/esp_lcd_jd9365_8
manifest_hash: f6b57407142b950b4b99ea26d569af7732db7bfc6a59c3d1527a4a0a413b9fbb
target: esp32p4
version: 2.0.0
